
Microsoft Visual Studio Solution File, Format Version 12.00
Project("{FAE04EC0-301F-11D3-BF4B-00C04F79EFBC}") = "MeleeSkillPanel", "MeleeSkillPanel\MeleeSkillPanel.csproj", "{F8855F0D-ADA9-47DB-BFA1-F24D122541E9}"
EndProject
Global
	GlobalSection(SolutionConfigurationPlatforms) = preSolution
		Debug|Any CPU = Debug|Any CPU
		Release|Any CPU = Release|Any CPU
	EndGlobalSection
	GlobalSection(ProjectConfigurationPlatforms) = postSolution
		{F8855F0D-ADA9-47DB-BFA1-F24D122541E9}.Debug|Any CPU.ActiveCfg = Debug|Any CPU
		{F8855F0D-ADA9-47DB-BFA1-F24D122541E9}.Debug|Any CPU.Build.0 = Debug|Any CPU
		{F8855F0D-ADA9-47DB-BFA1-F24D122541E9}.Release|Any CPU.ActiveCfg = Release|Any CPU
		{F8855F0D-ADA9-47DB-BFA1-F24D122541E9}.Release|Any CPU.Build.0 = Release|Any CPU
	EndGlobalSection
EndGlobal
